// !$*UTF8*$!
{
	archiveVersion = 1;
	classes = {
	};
	objectVersion = 77;
	objects = {

/* Begin PBXBuildFile section */
		EC8AFE1A2FB8139300AEED59 /* Hub in Frameworks */ = {isa = PBXBuildFile; productRef = EC8AFE192FB8139300AEED59 /* Hub */; };
		EC8AFE202FB816BE00AEED59 /* Tokenizers in Frameworks */ = {isa = PBXBuildFile; productRef = EC8AFE1F2FB816BE00AEED59 /* Tokenizers */; };
		EC8AFE222FB816BE00AEED59 /* Transformers in Frameworks */ = {isa = PBXBuildFile; productRef = EC8AFE212FB816BE00AEED59 /* Transformers */; };
		EC8AFE252FB8185100AEED59 /* HuggingFace in Frameworks */ = {isa = PBXBuildFile; productRef = EC8AFE242FB8185100AEED59 /* HuggingFace */; };
		EC8AFE292FB818CC00AEED59 /* BenchmarkHelpers in Frameworks */ = {isa = PBXBuildFile; productRef = EC8AFE282FB818CC00AEED59 /* BenchmarkHelpers */; };
		EC8AFE2B2FB818CC00AEED59 /* IntegrationTestHelpers in Frameworks */ = {isa = PBXBuildFile; productRef = EC8AFE2A2FB818CC00AEED59 /* IntegrationTestHelpers */; };
		EC8AFE2D2FB818CC00AEED59 /* MLXEmbedders in Frameworks */ = {isa = PBXBuildFile; productRef = EC8AFE2C2FB818CC00AEED59 /* MLXEmbedders */; };
		EC8AFE2F2FB818CC00AEED59 /* MLXHuggingFace in Frameworks */ = {isa = PBXBuildFile; productRef = EC8AFE2E2FB818CC00AEED59 /* MLXHuggingFace */; };
		EC8AFE312FB818CC00AEED59 /* MLXLLM in Frameworks */ = {isa = PBXBuildFile; productRef = EC8AFE302FB818CC00AEED59 /* MLXLLM */; };
		EC8AFE332FB818CC00AEED59 /* MLXLMCommon in Frameworks */ = {isa = PBXBuildFile; productRef = EC8AFE322FB818CC00AEED59 /* MLXLMCommon */; };
		EC8AFE352FB818CC00AEED59 /* MLXVLM in Frameworks */ = {isa = PBXBuildFile; productRef = EC8AFE342FB818CC00AEED59 /* MLXVLM */; };
		9CA9D5C02FBE0FFD00B8DB14 /* ZIPFoundation in Frameworks */ = {isa = PBXBuildFile; productRef = 9CA9D5BF2FBE0FFD00B8DB14 /* ZIPFoundation */; };
/* End PBXBuildFile section */

/* Begin PBXContainerItemProxy section */
		9CA9D5942FBD175F00B8DB14 /* PBXContainerItemProxy */ = {
			isa = PBXContainerItemProxy;
			containerPortal = EC54676E2F9BC6C800B07544 /* Project object */;
			proxyType = 1;
			remoteGlobalIDString = EC5467752F9BC6C800B07544;
			remoteInfo = MobiCureVN;
		};
		9CA9D5A32FBD182300B8DB14 /* PBXContainerItemProxy */ = {
			isa = PBXContainerItemProxy;
			containerPortal = EC54676E2F9BC6C800B07544 /* Project object */;
			proxyType = 1;
			remoteGlobalIDString = EC5467752F9BC6C800B07544;
			remoteInfo = MobiCureVN;
		};
/* End PBXContainerItemProxy section */

/* Begin PBXFileReference section */
		9CA9D58E2FBD175F00B8DB14 /* MobiCureVNUITests.xctest */ = {isa = PBXFileReference; explicitFileType = wrapper.cfbundle; includeInIndex = 0; path = MobiCureVNUITests.xctest; sourceTree = BUILT_PRODUCTS_DIR; };
		9CA9D59F2FBD182300B8DB14 /* MobiCureVNTests.xctest */ = {isa = PBXFileReference; explicitFileType = wrapper.cfbundle; includeInIndex = 0; path = MobiCureVNTests.xctest; sourceTree = BUILT_PRODUCTS_DIR; };
		EC5467762F9BC6C800B07544 /* MobiCureVN.app */ = {isa = PBXFileReference; explicitFileType = wrapper.application; includeInIndex = 0; path = MobiCureVN.app; sourceTree = BUILT_PRODUCTS_DIR; };
/* End PBXFileReference section */

/* Begin PBXFileSystemSynchronizedRootGroup section */
		9CA9D58F2FBD175F00B8DB14 /* MobiCureVNUITests */ = {
			isa = PBXFileSystemSynchronizedRootGroup;
			path = MobiCureVNUITests;
			sourceTree = "<group>";
		};
		9CA9D5A02FBD182300B8DB14 /* MobiCureVNTests */ = {
			isa = PBXFileSystemSynchronizedRootGroup;
			path = MobiCureVNTests;
			sourceTree = "<group>";
		};
		EC5467782F9BC6C800B07544 /* App */ = {
			isa = PBXFileSystemSynchronizedRootGroup;
			path = App;
			sourceTree = "<group>";
		};
/* End PBXFileSystemSynchronizedRootGroup section */

/* Begin PBXFrameworksBuildPhase section */
		9CA9D58B2FBD175F00B8DB14 /* Frameworks */ = {
			isa = PBXFrameworksBuildPhase;
			buildActionMask = 2147483647;
			files = (
			);
			runOnlyForDeploymentPostprocessing = 0;
		};
		9CA9D59C2FBD182300B8DB14 /* Frameworks */ = {
			isa = PBXFrameworksBuildPhase;
			buildActionMask = 2147483647;
			files = (
			);
			runOnlyForDeploymentPostprocessing = 0;
		};
		EC5467732F9BC6C800B07544 /* Frameworks */ = {
			isa = PBXFrameworksBuildPhase;
			buildActionMask = 2147483647;
			files = (
				EC8AFE332FB818CC00AEED59 /* MLXLMCommon in Frameworks */,
				EC8AFE312FB818CC00AEED59 /* MLXLLM in Frameworks */,
				EC8AFE222FB816BE00AEED59 /* Transformers in Frameworks */,
				EC8AFE352FB818CC00AEED59 /* MLXVLM in Frameworks */,
				EC8AFE2B2FB818CC00AEED59 /* IntegrationTestHelpers in Frameworks */,
				EC8AFE202FB816BE00AEED59 /* Tokenizers in Frameworks */,
				EC8AFE2D2FB818CC00AEED59 /* MLXEmbedders in Frameworks */,
				EC8AFE292FB818CC00AEED59 /* BenchmarkHelpers in Frameworks */,
				EC8AFE1A2FB8139300AEED59 /* Hub in Frameworks */,
				EC8AFE252FB8185100AEED59 /* HuggingFace in Frameworks */,
				EC8AFE2F2FB818CC00AEED59 /* MLXHuggingFace in Frameworks */,
				9CA9D5C02FBE0FFD00B8DB14 /* ZIPFoundation in Frameworks */,
			);
			runOnlyForDeploymentPostprocessing = 0;
		};
/* End PBXFrameworksBuildPhase section */

/* Begin PBXGroup section */
		EC2D77AE2FA228EF00720421 /* Frameworks */ = {
			isa = PBXGroup;
			children = (
			);
			name = Frameworks;
			sourceTree = "<group>";
		};
		EC54676D2F9BC6C800B07544 = {
			isa = PBXGroup;
			children = (
				EC5467782F9BC6C800B07544 /* App */,
				9CA9D58F2FBD175F00B8DB14 /* MobiCureVNUITests */,
				9CA9D5A02FBD182300B8DB14 /* MobiCureVNTests */,
				EC2D77AE2FA228EF00720421 /* Frameworks */,
				EC5467772F9BC6C800B07544 /* Products */,
			);
			sourceTree = "<group>";
		};
		EC5467772F9BC6C800B07544 /* Products */ = {
			isa = PBXGroup;
			children = (
				EC5467762F9BC6C800B07544 /* MobiCureVN.app */,
				9CA9D58E2FBD175F00B8DB14 /* MobiCureVNUITests.xctest */,
				9CA9D59F2FBD182300B8DB14 /* MobiCureVNTests.xctest */,
			);
			name = Products;
			sourceTree = "<group>";
		};
/* End PBXGroup section */

/* Begin PBXNativeTarget section */
		9CA9D58D2FBD175F00B8DB14 /* MobiCureVNUITests */ = {
			isa = PBXNativeTarget;
			buildConfigurationList = 9CA9D5962FBD175F00B8DB14 /* Build configuration list for PBXNativeTarget "MobiCureVNUITests" */;
			buildPhases = (
				9CA9D58A2FBD175F00B8DB14 /* Sources */,
				9CA9D58B2FBD175F00B8DB14 /* Frameworks */,
				9CA9D58C2FBD175F00B8DB14 /* Resources */,
			);
			buildRules = (
			);
			dependencies = (
				9CA9D5952FBD175F00B8DB14 /* PBXTargetDependency */,
			);
			fileSystemSynchronizedGroups = (
				9CA9D58F2FBD175F00B8DB14 /* MobiCureVNUITests */,
			);
			name = MobiCureVNUITests;
			packageProductDependencies = (
			);
			productName = MobiCureVNUITests;
			productReference = 9CA9D58E2FBD175F00B8DB14 /* MobiCureVNUITests.xctest */;
			productType = "com.apple.product-type.bundle.ui-testing";
		};
		9CA9D59E2FBD182300B8DB14 /* MobiCureVNTests */ = {
			isa = PBXNativeTarget;
			buildConfigurationList = 9CA9D5A52FBD182300B8DB14 /* Build configuration list for PBXNativeTarget "MobiCureVNTests" */;
			buildPhases = (
				9CA9D59B2FBD182300B8DB14 /* Sources */,
				9CA9D59C2FBD182300B8DB14 /* Frameworks */,
				9CA9D59D2FBD182300B8DB14 /* Resources */,
			);
			buildRules = (
			);
			dependencies = (
				9CA9D5A42FBD182300B8DB14 /* PBXTargetDependency */,
			);
			fileSystemSynchronizedGroups = (
				9CA9D5A02FBD182300B8DB14 /* MobiCureVNTests */,
			);
			name = MobiCureVNTests;
			packageProductDependencies = (
			);
			productName = MobiCureVNTests;
			productReference = 9CA9D59F2FBD182300B8DB14 /* MobiCureVNTests.xctest */;
			productType = "com.apple.product-type.bundle.unit-test";
		};
		EC5467752F9BC6C800B07544 /* MobiCureVN */ = {
			isa = PBXNativeTarget;
			buildConfigurationList = EC5467812F9BC6C900B07544 /* Build configuration list for PBXNativeTarget "MobiCureVN" */;
			buildPhases = (
				EC5467722F9BC6C800B07544 /* Sources */,
				EC5467732F9BC6C800B07544 /* Frameworks */,
				EC5467742F9BC6C800B07544 /* Resources */,
			);
			buildRules = (
			);
			dependencies = (
			);
			fileSystemSynchronizedGroups = (
				EC5467782F9BC6C800B07544 /* App */,
			);
			name = MobiCureVN;
			packageProductDependencies = (
				EC8AFE192FB8139300AEED59 /* Hub */,
				EC8AFE1F2FB816BE00AEED59 /* Tokenizers */,
				EC8AFE212FB816BE00AEED59 /* Transformers */,
				EC8AFE242FB8185100AEED59 /* HuggingFace */,
				EC8AFE282FB818CC00AEED59 /* BenchmarkHelpers */,
				EC8AFE2A2FB818CC00AEED59 /* IntegrationTestHelpers */,
				EC8AFE2C2FB818CC00AEED59 /* MLXEmbedders */,
				EC8AFE2E2FB818CC00AEED59 /* MLXHuggingFace */,
				EC8AFE302FB818CC00AEED59 /* MLXLLM */,
				EC8AFE322FB818CC00AEED59 /* MLXLMCommon */,
				EC8AFE342FB818CC00AEED59 /* MLXVLM */,
				9CA9D5BF2FBE0FFD00B8DB14 /* ZIPFoundation */,
			);
			productName = MobiCureVN;
			productReference = EC5467762F9BC6C800B07544 /* MobiCureVN.app */;
			productType = "com.apple.product-type.application";
		};
/* End PBXNativeTarget section */

/* Begin PBXProject section */
		EC54676E2F9BC6C800B07544 /* Project object */ = {
			isa = PBXProject;
			attributes = {
				BuildIndependentTargetsInParallel = 1;
				LastSwiftUpdateCheck = 2640;
				LastUpgradeCheck = 2640;
				TargetAttributes = {
					9CA9D58D2FBD175F00B8DB14 = {
						CreatedOnToolsVersion = 26.4.1;
						TestTargetID = EC5467752F9BC6C800B07544;
					};
					9CA9D59E2FBD182300B8DB14 = {
						CreatedOnToolsVersion = 26.4.1;
						TestTargetID = EC5467752F9BC6C800B07544;
					};
					EC5467752F9BC6C800B07544 = {
						CreatedOnToolsVersion = 26.4.1;
					};
				};
			};
			buildConfigurationList = EC5467712F9BC6C800B07544 /* Build configuration list for PBXProject "MobiCureVN" */;
			developmentRegion = en;
			hasScannedForEncodings = 0;
			knownRegions = (
				en,
				Base,
			);
			mainGroup = EC54676D2F9BC6C800B07544;
			minimizedProjectReferenceProxies = 1;
			packageReferences = (
				EC8AFE182FB8139300AEED59 /* XCRemoteSwiftPackageReference "swift-transformers" */,
				EC8AFE232FB8185100AEED59 /* XCRemoteSwiftPackageReference "swift-huggingface" */,
				EC8AFE262FB8186F00AEED59 /* XCRemoteSwiftPackageReference "mlx-swift" */,
				EC8AFE272FB818CC00AEED59 /* XCRemoteSwiftPackageReference "mlx-swift-lm" */,
				9CA9D5BE2FBE0FFD00B8DB14 /* XCRemoteSwiftPackageReference "ZIPFoundation" */,
			);
			preferredProjectObjectVersion = 77;
			productRefGroup = EC5467772F9BC6C800B07544 /* Products */;
			projectDirPath = "";
			projectRoot = "";
			targets = (
				EC5467752F9BC6C800B07544 /* MobiCureVN */,
				9CA9D58D2FBD175F00B8DB14 /* MobiCureVNUITests */,
				9CA9D59E2FBD182300B8DB14 /* MobiCureVNTests */,
			);
		};
/* End PBXProject section */

/* Begin PBXResourcesBuildPhase section */
		9CA9D58C2FBD175F00B8DB14 /* Resources */ = {
			isa = PBXResourcesBuildPhase;
			buildActionMask = 2147483647;
			files = (
			);
			runOnlyForDeploymentPostprocessing = 0;
		};
		9CA9D59D2FBD182300B8DB14 /* Resources */ = {
			isa = PBXResourcesBuildPhase;
			buildActionMask = 2147483647;
			files = (
			);
			runOnlyForDeploymentPostprocessing = 0;
		};
		EC5467742F9BC6C800B07544 /* Resources */ = {
			isa = PBXResourcesBuildPhase;
			buildActionMask = 2147483647;
			files = (
			);
			runOnlyForDeploymentPostprocessing = 0;
		};
/* End PBXResourcesBuildPhase section */

/* Begin PBXSourcesBuildPhase section */
		9CA9D58A2FBD175F00B8DB14 /* Sources */ = {
			isa = PBXSourcesBuildPhase;
			buildActionMask = 2147483647;
			files = (
			);
			runOnlyForDeploymentPostprocessing = 0;
		};
		9CA9D59B2FBD182300B8DB14 /* Sources */ = {
			isa = PBXSourcesBuildPhase;
			buildActionMask = 2147483647;
			files = (
			);
			runOnlyForDeploymentPostprocessing = 0;
		};
		EC5467722F9BC6C800B07544 /* Sources */ = {
			isa = PBXSourcesBuildPhase;
			buildActionMask = 2147483647;
			files = (
			);
			runOnlyForDeploymentPostprocessing = 0;
		};
/* End PBXSourcesBuildPhase section */

/* Begin PBXTargetDependency section */
		9CA9D5952FBD175F00B8DB14 /* PBXTargetDependency */ = {
			isa = PBXTargetDependency;
			target = EC5467752F9BC6C800B07544 /* MobiCureVN */;
			targetProxy = 9CA9D5942FBD175F00B8DB14 /* PBXContainerItemProxy */;
		};
		9CA9D5A42FBD182300B8DB14 /* PBXTargetDependency */ = {
			isa = PBXTargetDependency;
			target = EC5467752F9BC6C800B07544 /* MobiCureVN */;
			targetProxy = 9CA9D5A32FBD182300B8DB14 /* PBXContainerItemProxy */;
		};
/* End PBXTargetDependency section */

/* Begin XCBuildConfiguration section */
		9CA9D5972FBD175F00B8DB14 /* Debug */ = {
			isa = XCBuildConfiguration;
			buildSettings = {
				CODE_SIGN_STYLE = Automatic;
				CURRENT_PROJECT_VERSION = 1;
				DEVELOPMENT_TEAM = 2T9YX684FR;
				GENERATE_INFOPLIST_FILE = YES;
				IPHONEOS_DEPLOYMENT_TARGET = 26;
				MARKETING_VERSION = 1.0;
				PRODUCT_BUNDLE_IDENTIFIER = Cappuccino.MobiCureVNUITests;
				PRODUCT_NAME = "$(TARGET_NAME)";
				STRING_CATALOG_GENERATE_SYMBOLS = NO;
				SWIFT_APPROACHABLE_CONCURRENCY = YES;
				SWIFT_EMIT_LOC_STRINGS = NO;
				SWIFT_UPCOMING_FEATURE_MEMBER_IMPORT_VISIBILITY = YES;
				SWIFT_VERSION = 5.0;
				TARGETED_DEVICE_FAMILY = "1,2";
				TEST_TARGET_NAME = MobiCureVN;
			};
			name = Debug;
		};
		9CA9D5982FBD175F00B8DB14 /* Release */ = {
			isa = XCBuildConfiguration;
			buildSettings = {
				CODE_SIGN_STYLE = Automatic;
				CURRENT_PROJECT_VERSION = 1;
				DEVELOPMENT_TEAM = 2T9YX684FR;
				GENERATE_INFOPLIST_FILE = YES;
				IPHONEOS_DEPLOYMENT_TARGET = 26;
				MARKETING_VERSION = 1.0;
				PRODUCT_BUNDLE_IDENTIFIER = Cappuccino.MobiCureVNUITests;
				PRODUCT_NAME = "$(TARGET_NAME)";
				STRING_CATALOG_GENERATE_SYMBOLS = NO;
				SWIFT_APPROACHABLE_CONCURRENCY = YES;
				SWIFT_EMIT_LOC_STRINGS = NO;
				SWIFT_UPCOMING_FEATURE_MEMBER_IMPORT_VISIBILITY = YES;
				SWIFT_VERSION = 5.0;
				TARGETED_DEVICE_FAMILY = "1,2";
				TEST_TARGET_NAME = MobiCureVN;
			};
			name = Release;
		};
		9CA9D5A62FBD182300B8DB14 /* Debug */ = {
			isa = XCBuildConfiguration;
			buildSettings = {
				BUNDLE_LOADER = "$(TEST_HOST)";
				CODE_SIGN_STYLE = Automatic;
				CURRENT_PROJECT_VERSION = 1;
				DEVELOPMENT_TEAM = 2T9YX684FR;
				GENERATE_INFOPLIST_FILE = YES;
				IPHONEOS_DEPLOYMENT_TARGET = 26;
				MARKETING_VERSION = 1.0;
				PRODUCT_BUNDLE_IDENTIFIER = Cappuccino.MobiCureVNTests;
				PRODUCT_NAME = "$(TARGET_NAME)";
				STRING_CATALOG_GENERATE_SYMBOLS = NO;
				SWIFT_APPROACHABLE_CONCURRENCY = YES;
				SWIFT_EMIT_LOC_STRINGS = NO;
				SWIFT_UPCOMING_FEATURE_MEMBER_IMPORT_VISIBILITY = YES;
				SWIFT_VERSION = 5.0;
				TARGETED_DEVICE_FAMILY = "1,2";
				TEST_HOST = "$(BUILT_PRODUCTS_DIR)/MobiCureVN.app/$(BUNDLE_EXECUTABLE_FOLDER_PATH)/MobiCureVN";
			};
			name = Debug;
		};
		9CA9D5A72FBD182300B8DB14 /* Release */ = {
			isa = XCBuildConfiguration;
			buildSettings = {
				BUNDLE_LOADER = "$(TEST_HOST)";
				CODE_SIGN_STYLE = Automatic;
				CURRENT_PROJECT_VERSION = 1;
				DEVELOPMENT_TEAM = 2T9YX684FR;
				GENERATE_INFOPLIST_FILE = YES;
				IPHONEOS_DEPLOYMENT_TARGET = 26;
				MARKETING_VERSION = 1.0;
				PRODUCT_BUNDLE_IDENTIFIER = Cappuccino.MobiCureVNTests;
				PRODUCT_NAME = "$(TARGET_NAME)";
				STRING_CATALOG_GENERATE_SYMBOLS = NO;
				SWIFT_APPROACHABLE_CONCURRENCY = YES;
				SWIFT_EMIT_LOC_STRINGS = NO;
				SWIFT_UPCOMING_FEATURE_MEMBER_IMPORT_VISIBILITY = YES;
				SWIFT_VERSION = 5.0;
				TARGETED_DEVICE_FAMILY = "1,2";
				TEST_HOST = "$(BUILT_PRODUCTS_DIR)/MobiCureVN.app/$(BUNDLE_EXECUTABLE_FOLDER_PATH)/MobiCureVN";
			};
			name = Release;
		};
		EC54677F2F9BC6C900B07544 /* Debug */ = {
			isa = XCBuildConfiguration;
			buildSettings = {
				ALWAYS_SEARCH_USER_PATHS = NO;
				ASSETCATALOG_COMPILER_GENERATE_SWIFT_ASSET_SYMBOL_EXTENSIONS = YES;
				CLANG_ANALYZER_NONNULL = YES;
				CLANG_ANALYZER_NUMBER_OBJECT_CONVERSION = YES_AGGRESSIVE;
				CLANG_CXX_LANGUAGE_STANDARD = "gnu++20";
				CLANG_ENABLE_MODULES = YES;
				CLANG_ENABLE_OBJC_ARC = YES;
				CLANG_ENABLE_OBJC_WEAK = YES;
				CLANG_WARN_BLOCK_CAPTURE_AUTORELEASING = YES;
				CLANG_WARN_BOOL_CONVERSION = YES;
				CLANG_WARN_COMMA = YES;
				CLANG_WARN_CONSTANT_CONVERSION = YES;
				CLANG_WARN_DEPRECATED_OBJC_IMPLEMENTATIONS = YES;
				CLANG_WARN_DIRECT_OBJC_ISA_USAGE = YES_ERROR;
				CLANG_WARN_DOCUMENTATION_COMMENTS = YES;
				CLANG_WARN_EMPTY_BODY = YES;
				CLANG_WARN_ENUM_CONVERSION = YES;
				CLANG_WARN_INFINITE_RECURSION = YES;
				CLANG_WARN_INT_CONVERSION = YES;
				CLANG_WARN_NON_LITERAL_NULL_CONVERSION = YES;
				CLANG_WARN_OBJC_IMPLICIT_RETAIN_SELF = YES;
				CLANG_WARN_OBJC_LITERAL_CONVERSION = YES;
				CLANG_WARN_OBJC_ROOT_CLASS = YES_ERROR;
				CLANG_WARN_QUOTED_INCLUDE_IN_FRAMEWORK_HEADER = YES;
				CLANG_WARN_RANGE_LOOP_ANALYSIS = YES;
				CLANG_WARN_STRICT_PROTOTYPES = YES;
				CLANG_WARN_SUSPICIOUS_MOVE = YES;
				CLANG_WARN_UNGUARDED_AVAILABILITY = YES_AGGRESSIVE;
				CLANG_WARN_UNREACHABLE_CODE = YES;
				CLANG_WARN__DUPLICATE_METHOD_MATCH = YES;
				COPY_PHASE_STRIP = NO;
				DEBUG_INFORMATION_FORMAT = dwarf;
				ENABLE_STRICT_OBJC_MSGSEND = YES;
				ENABLE_TESTABILITY = YES;
				ENABLE_USER_SCRIPT_SANDBOXING = YES;
				GCC_C_LANGUAGE_STANDARD = gnu17;
				GCC_DYNAMIC_NO_PIC = NO;
				GCC_NO_COMMON_BLOCKS = YES;
				GCC_OPTIMIZATION_LEVEL = 0;
				GCC_PREPROCESSOR_DEFINITIONS = (
					"DEBUG=1",
					"$(inherited)",
				);
				GCC_WARN_64_TO_32_BIT_CONVERSION = YES;
				GCC_WARN_ABOUT_RETURN_TYPE = YES_ERROR;
				GCC_WARN_UNDECLARED_SELECTOR = YES;
				GCC_WARN_UNINITIALIZED_AUTOS = YES_AGGRESSIVE;
				GCC_WARN_UNUSED_FUNCTION = YES;
				GCC_WARN_UNUSED_VARIABLE = YES;
				IPHONEOS_DEPLOYMENT_TARGET = 26.4;
				LOCALIZATION_PREFERS_STRING_CATALOGS = YES;
				MTL_ENABLE_DEBUG_INFO = INCLUDE_SOURCE;
				MTL_FAST_MATH = YES;
				ONLY_ACTIVE_ARCH = YES;
				SDKROOT = iphoneos;
				SWIFT_ACTIVE_COMPILATION_CONDITIONS = "DEBUG $(inherited)";
				SWIFT_OPTIMIZATION_LEVEL = "-Onone";
			};
			name = Debug;
		};
		EC5467802F9BC6C900B07544 /* Release */ = {
			isa = XCBuildConfiguration;
			buildSettings = {
				ALWAYS_SEARCH_USER_PATHS = NO;
				ASSETCATALOG_COMPILER_GENERATE_SWIFT_ASSET_SYMBOL_EXTENSIONS = YES;
				CLANG_ANALYZER_NONNULL = YES;
				CLANG_ANALYZER_NUMBER_OBJECT_CONVERSION = YES_AGGRESSIVE;
				CLANG_CXX_LANGUAGE_STANDARD = "gnu++20";
				CLANG_ENABLE_MODULES = YES;
				CLANG_ENABLE_OBJC_ARC = YES;
				CLANG_ENABLE_OBJC_WEAK = YES;
				CLANG_WARN_BLOCK_CAPTURE_AUTORELEASING = YES;
				CLANG_WARN_BOOL_CONVERSION = YES;
				CLANG_WARN_COMMA = YES;
				CLANG_WARN_CONSTANT_CONVERSION = YES;
				CLANG_WARN_DEPRECATED_OBJC_IMPLEMENTATIONS = YES;
				CLANG_WARN_DIRECT_OBJC_ISA_USAGE = YES_ERROR;
				CLANG_WARN_DOCUMENTATION_COMMENTS = YES;
				CLANG_WARN_EMPTY_BODY = YES;
				CLANG_WARN_ENUM_CONVERSION = YES;
				CLANG_WARN_INFINITE_RECURSION = YES;
				CLANG_WARN_INT_CONVERSION = YES;
				CLANG_WARN_NON_LITERAL_NULL_CONVERSION = YES;
				CLANG_WARN_OBJC_IMPLICIT_RETAIN_SELF = YES;
				CLANG_WARN_OBJC_LITERAL_CONVERSION = YES;
				CLANG_WARN_OBJC_ROOT_CLASS = YES_ERROR;
				CLANG_WARN_QUOTED_INCLUDE_IN_FRAMEWORK_HEADER = YES;
				CLANG_WARN_RANGE_LOOP_ANALYSIS = YES;
				CLANG_WARN_STRICT_PROTOTYPES = YES;
				CLANG_WARN_SUSPICIOUS_MOVE = YES;
				CLANG_WARN_UNGUARDED_AVAILABILITY = YES_AGGRESSIVE;
				CLANG_WARN_UNREACHABLE_CODE = YES;
				CLANG_WARN__DUPLICATE_METHOD_MATCH = YES;
				COPY_PHASE_STRIP = NO;
				DEBUG_INFORMATION_FORMAT = "dwarf-with-dsym";
				ENABLE_NS_ASSERTIONS = NO;
				ENABLE_STRICT_OBJC_MSGSEND = YES;
				ENABLE_USER_SCRIPT_SANDBOXING = YES;
				GCC_C_LANGUAGE_STANDARD = gnu17;
				GCC_NO_COMMON_BLOCKS = YES;
				GCC_WARN_64_TO_32_BIT_CONVERSION = YES;
				GCC_WARN_ABOUT_RETURN_TYPE = YES_ERROR;
				GCC_WARN_UNDECLARED_SELECTOR = YES;
				GCC_WARN_UNINITIALIZED_AUTOS = YES_AGGRESSIVE;
				GCC_WARN_UNUSED_FUNCTION = YES;
				GCC_WARN_UNUSED_VARIABLE = YES;
				IPHONEOS_DEPLOYMENT_TARGET = 26.4;
				LOCALIZATION_PREFERS_STRING_CATALOGS = YES;
				MTL_ENABLE_DEBUG_INFO = NO;
				MTL_FAST_MATH = YES;
				SDKROOT = iphoneos;
				SWIFT_COMPILATION_MODE = wholemodule;
				VALIDATE_PRODUCT = YES;
			};
			name = Release;
		};
		EC5467822F9BC6C900B07544 /* Debug */ = {
			isa = XCBuildConfiguration;
			buildSettings = {
				ASSETCATALOG_COMPILER_APPICON_NAME = AppIcon;
				ASSETCATALOG_COMPILER_GLOBAL_ACCENT_COLOR_NAME = AccentColor;
				CODE_SIGN_STYLE = Automatic;
				CURRENT_PROJECT_VERSION = 1;
				DEVELOPMENT_TEAM = 2T9YX684FR;
				ENABLE_PREVIEWS = YES;
				GENERATE_INFOPLIST_FILE = YES;
				INFOPLIST_KEY_UIApplicationSceneManifest_Generation = YES;
				INFOPLIST_KEY_UIApplicationSupportsIndirectInputEvents = YES;
				INFOPLIST_KEY_UILaunchScreen_Generation = YES;
				INFOPLIST_KEY_UISupportedInterfaceOrientations_iPad = "UIInterfaceOrientationPortrait UIInterfaceOrientationPortraitUpsideDown UIInterfaceOrientationLandscapeLeft UIInterfaceOrientationLandscapeRight";
				INFOPLIST_KEY_UISupportedInterfaceOrientations_iPhone = "UIInterfaceOrientationPortrait UIInterfaceOrientationLandscapeLeft UIInterfaceOrientationLandscapeRight";
				IPHONEOS_DEPLOYMENT_TARGET = 26.0;
				LD_RUNPATH_SEARCH_PATHS = (
					"$(inherited)",
					"@executable_path/Frameworks",
				);
				MARKETING_VERSION = 1.0;
				PRODUCT_BUNDLE_IDENTIFIER = MobiCureVN.Cappuccino;
				PRODUCT_NAME = "$(TARGET_NAME)";
				STRING_CATALOG_GENERATE_SYMBOLS = YES;
				SWIFT_APPROACHABLE_CONCURRENCY = YES;
				SWIFT_DEFAULT_ACTOR_ISOLATION = MainActor;
				SWIFT_EMIT_LOC_STRINGS = YES;
				SWIFT_UPCOMING_FEATURE_MEMBER_IMPORT_VISIBILITY = YES;
				SWIFT_VERSION = 5.0;
				TARGETED_DEVICE_FAMILY = "1,2";
			};
			name = Debug;
		};
		EC5467832F9BC6C900B07544 /* Release */ = {
			isa = XCBuildConfiguration;
			buildSettings = {
				ASSETCATALOG_COMPILER_APPICON_NAME = AppIcon;
				ASSETCATALOG_COMPILER_GLOBAL_ACCENT_COLOR_NAME = AccentColor;
				CODE_SIGN_STYLE = Automatic;
				CURRENT_PROJECT_VERSION = 1;
				DEVELOPMENT_TEAM = 2T9YX684FR;
				ENABLE_PREVIEWS = YES;
				GENERATE_INFOPLIST_FILE = YES;
				INFOPLIST_KEY_UIApplicationSceneManifest_Generation = YES;
				INFOPLIST_KEY_UIApplicationSupportsIndirectInputEvents = YES;
				INFOPLIST_KEY_UILaunchScreen_Generation = YES;
				INFOPLIST_KEY_UISupportedInterfaceOrientations_iPad = "UIInterfaceOrientationPortrait UIInterfaceOrientationPortraitUpsideDown UIInterfaceOrientationLandscapeLeft UIInterfaceOrientationLandscapeRight";
				INFOPLIST_KEY_UISupportedInterfaceOrientations_iPhone = "UIInterfaceOrientationPortrait UIInterfaceOrientationLandscapeLeft UIInterfaceOrientationLandscapeRight";
				IPHONEOS_DEPLOYMENT_TARGET = 26.0;
				LD_RUNPATH_SEARCH_PATHS = (
					"$(inherited)",
					"@executable_path/Frameworks",
				);
				MARKETING_VERSION = 1.0;
				PRODUCT_BUNDLE_IDENTIFIER = MobiCureVN.Cappuccino;
				PRODUCT_NAME = "$(TARGET_NAME)";
				STRING_CATALOG_GENERATE_SYMBOLS = YES;
				SWIFT_APPROACHABLE_CONCURRENCY = YES;
				SWIFT_DEFAULT_ACTOR_ISOLATION = MainActor;
				SWIFT_EMIT_LOC_STRINGS = YES;
				SWIFT_UPCOMING_FEATURE_MEMBER_IMPORT_VISIBILITY = YES;
				SWIFT_VERSION = 5.0;
				TARGETED_DEVICE_FAMILY = "1,2";
			};
			name = Release;
		};
/* End XCBuildConfiguration section */

/* Begin XCConfigurationList section */
		9CA9D5962FBD175F00B8DB14 /* Build configuration list for PBXNativeTarget "MobiCureVNUITests" */ = {
			isa = XCConfigurationList;
			buildConfigurations = (
				9CA9D5972FBD175F00B8DB14 /* Debug */,
				9CA9D5982FBD175F00B8DB14 /* Release */,
			);
			defaultConfigurationIsVisible = 0;
			defaultConfigurationName = Release;
		};
		9CA9D5A52FBD182300B8DB14 /* Build configuration list for PBXNativeTarget "MobiCureVNTests" */ = {
			isa = XCConfigurationList;
			buildConfigurations = (
				9CA9D5A62FBD182300B8DB14 /* Debug */,
				9CA9D5A72FBD182300B8DB14 /* Release */,
			);
			defaultConfigurationIsVisible = 0;
			defaultConfigurationName = Release;
		};
		EC5467712F9BC6C800B07544 /* Build configuration list for PBXProject "MobiCureVN" */ = {
			isa = XCConfigurationList;
			buildConfigurations = (
				EC54677F2F9BC6C900B07544 /* Debug */,
				EC5467802F9BC6C900B07544 /* Release */,
			);
			defaultConfigurationIsVisible = 0;
			defaultConfigurationName = Release;
		};
		EC5467812F9BC6C900B07544 /* Build configuration list for PBXNativeTarget "MobiCureVN" */ = {
			isa = XCConfigurationList;
			buildConfigurations = (
				EC5467822F9BC6C900B07544 /* Debug */,
				EC5467832F9BC6C900B07544 /* Release */,
			);
			defaultConfigurationIsVisible = 0;
			defaultConfigurationName = Release;
		};
/* End XCConfigurationList section */

/* Begin XCRemoteSwiftPackageReference section */
		9CA9D5BE2FBE0FFD00B8DB14 /* XCRemoteSwiftPackageReference "ZIPFoundation" */ = {
			isa = XCRemoteSwiftPackageReference;
			repositoryURL = "https://github.com/weichsel/ZIPFoundation";
			requirement = {
				kind = upToNextMajorVersion;
				minimumVersion = 0.9.20;
			};
		};
		EC8AFE182FB8139300AEED59 /* XCRemoteSwiftPackageReference "swift-transformers" */ = {
			isa = XCRemoteSwiftPackageReference;
			repositoryURL = "https://github.com/huggingface/swift-transformers.git";
			requirement = {
				kind = upToNextMajorVersion;
				minimumVersion = 1.3.2;
			};
			traits = (
			);
		};
		EC8AFE232FB8185100AEED59 /* XCRemoteSwiftPackageReference "swift-huggingface" */ = {
			isa = XCRemoteSwiftPackageReference;
			repositoryURL = "https://github.com/huggingface/swift-huggingface.git";
			requirement = {
				kind = upToNextMajorVersion;
				minimumVersion = 0.9.0;
			};
			traits = (
			);
		};
		EC8AFE262FB8186F00AEED59 /* XCRemoteSwiftPackageReference "mlx-swift" */ = {
			isa = XCRemoteSwiftPackageReference;
			repositoryURL = "https://github.com/ml-explore/mlx-swift.git";
			requirement = {
				kind = upToNextMajorVersion;
				minimumVersion = 0.31.3;
			};
		};
		EC8AFE272FB818CC00AEED59 /* XCRemoteSwiftPackageReference "mlx-swift-lm" */ = {
			isa = XCRemoteSwiftPackageReference;
			repositoryURL = "https://github.com/ml-explore/mlx-swift-lm";
			requirement = {
				kind = upToNextMajorVersion;
				minimumVersion = 3.31.3;
			};
		};
/* End XCRemoteSwiftPackageReference section */

/* Begin XCSwiftPackageProductDependency section */
		EC8AFE192FB8139300AEED59 /* Hub */ = {
			isa = XCSwiftPackageProductDependency;
			package = EC8AFE182FB8139300AEED59 /* XCRemoteSwiftPackageReference "swift-transformers" */;
			productName = Hub;
		};
		EC8AFE1F2FB816BE00AEED59 /* Tokenizers */ = {
			isa = XCSwiftPackageProductDependency;
			package = EC8AFE182FB8139300AEED59 /* XCRemoteSwiftPackageReference "swift-transformers" */;
			productName = Tokenizers;
		};
		EC8AFE212FB816BE00AEED59 /* Transformers */ = {
			isa = XCSwiftPackageProductDependency;
			package = EC8AFE182FB8139300AEED59 /* XCRemoteSwiftPackageReference "swift-transformers" */;
			productName = Transformers;
		};
		EC8AFE242FB8185100AEED59 /* HuggingFace */ = {
			isa = XCSwiftPackageProductDependency;
			package = EC8AFE232FB8185100AEED59 /* XCRemoteSwiftPackageReference "swift-huggingface" */;
			productName = HuggingFace;
		};
		EC8AFE282FB818CC00AEED59 /* BenchmarkHelpers */ = {
			isa = XCSwiftPackageProductDependency;
			package = EC8AFE272FB818CC00AEED59 /* XCRemoteSwiftPackageReference "mlx-swift-lm" */;
			productName = BenchmarkHelpers;
		};
		EC8AFE2A2FB818CC00AEED59 /* IntegrationTestHelpers */ = {
			isa = XCSwiftPackageProductDependency;
			package = EC8AFE272FB818CC00AEED59 /* XCRemoteSwiftPackageReference "mlx-swift-lm" */;
			productName = IntegrationTestHelpers;
		};
		EC8AFE2C2FB818CC00AEED59 /* MLXEmbedders */ = {
			isa = XCSwiftPackageProductDependency;
			package = EC8AFE272FB818CC00AEED59 /* XCRemoteSwiftPackageReference "mlx-swift-lm" */;
			productName = MLXEmbedders;
		};
		EC8AFE2E2FB818CC00AEED59 /* MLXHuggingFace */ = {
			isa = XCSwiftPackageProductDependency;
			package = EC8AFE272FB818CC00AEED59 /* XCRemoteSwiftPackageReference "mlx-swift-lm" */;
			productName = MLXHuggingFace;
		};
		EC8AFE302FB818CC00AEED59 /* MLXLLM */ = {
			isa = XCSwiftPackageProductDependency;
			package = EC8AFE272FB818CC00AEED59 /* XCRemoteSwiftPackageReference "mlx-swift-lm" */;
			productName = MLXLLM;
		};
		EC8AFE322FB818CC00AEED59 /* MLXLMCommon */ = {
			isa = XCSwiftPackageProductDependency;
			package = EC8AFE272FB818CC00AEED59 /* XCRemoteSwiftPackageReference "mlx-swift-lm" */;
			productName = MLXLMCommon;
		};
		EC8AFE342FB818CC00AEED59 /* MLXVLM */ = {
			isa = XCSwiftPackageProductDependency;
			package = EC8AFE272FB818CC00AEED59 /* XCRemoteSwiftPackageReference "mlx-swift-lm" */;
			productName = MLXVLM;
		};
		9CA9D5BF2FBE0FFD00B8DB14 /* ZIPFoundation */ = {
			isa = XCSwiftPackageProductDependency;
			package = 9CA9D5BE2FBE0FFD00B8DB14 /* XCRemoteSwiftPackageReference "ZIPFoundation" */;
			productName = ZIPFoundation;
		};
/* End XCSwiftPackageProductDependency section */
	};
	rootObject = EC54676E2F9BC6C800B07544 /* Project object */;
}
